// !$*UTF8*$!
{
	archiveVersion = 1;
	classes = {
	};
	objectVersion = 55;
	objects = {

/* Begin PBXBuildFile section */
		D2A44CC7284011880016DF9D /* AppDelegate.swift in Sources */ = {isa = PBXBuildFile; fileRef = D2A44CC6284011880016DF9D /* AppDelegate.swift */; };
		D2A44CC9284011880016DF9D /* SceneDelegate.swift in Sources */ = {isa = PBXBuildFile; fileRef = D2A44CC8284011880016DF9D /* SceneDelegate.swift */; };
		D2A44CCB284011880016DF9D /* MainViewController.swift in Sources */ = {isa = PBXBuildFile; fileRef = D2A44CCA284011880016DF9D /* MainViewController.swift */; };
		D2A44CCE284011880016DF9D /* Main.storyboard in Resources */ = {isa = PBXBuildFile; fileRef = D2A44CCC284011880016DF9D /* Main.storyboard */; };
		D2A44CD02840118A0016DF9D /* Assets.xcassets in Resources */ = {isa = PBXBuildFile; fileRef = D2A44CCF2840118A0016DF9D /* Assets.xcassets */; };
		D2A44CD32840118A0016DF9D /* LaunchScreen.storyboard in Resources */ = {isa = PBXBuildFile; fileRef = D2A44CD12840118A0016DF9D /* LaunchScreen.storyboard */; };
		D2A44CDC2840A8960016DF9D /* NetworkService.swift in Sources */ = {isa = PBXBuildFile; fileRef = D2A44CDB2840A8960016DF9D /* NetworkService.swift */; };
		D2A44CDF2840AABB0016DF9D /* JSONModel.swift in Sources */ = {isa = PBXBuildFile; fileRef = D2A44CDE2840AABB0016DF9D /* JSONModel.swift */; };
		D2A44CE52840AC7B0016DF9D /* MainCell.swift in Sources */ = {isa = PBXBuildFile; fileRef = D2A44CE42840AC7B0016DF9D /* MainCell.swift */; };
		D2A44CE82840ACEF0016DF9D /* MainViewModel.swift in Sources */ = {isa = PBXBuildFile; fileRef = D2A44CE72840ACEF0016DF9D /* MainViewModel.swift */; };
		D2A44CEA2840AD250016DF9D /* MainCellViewModel.swift in Sources */ = {isa = PBXBuildFile; fileRef = D2A44CE92840AD250016DF9D /* MainCellViewModel.swift */; };
		D9B0CECAEE42726E0692713F /* Pods_Pryanik_Test.framework in Frameworks */ = {isa = PBXBuildFile; fileRef = 173D1A1CE55D6A52A508DDEF /* Pods_Pryanik_Test.framework */; };
/* End PBXBuildFile section */

/* Begin PBXFileReference section */
		173D1A1CE55D6A52A508DDEF /* Pods_Pryanik_Test.framework */ = {isa = PBXFileReference; explicitFileType = wrapper.framework; includeInIndex = 0; path = Pods_Pryanik_Test.framework; sourceTree = BUILT_PRODUCTS_DIR; };
		A3839DD665008E7AA4EC9AE5 /* Pods-Pryanik_Test.debug.xcconfig */ = {isa = PBXFileReference; includeInIndex = 1; lastKnownFileType = text.xcconfig; name = "Pods-Pryanik_Test.debug.xcconfig"; path = "Target Support Files/Pods-Pryanik_Test/Pods-Pryanik_Test.debug.xcconfig"; sourceTree = "<group>"; };
		C23D0204DDF6C62AFCFEDDE9 /* Pods-Pryanik_Test.release.xcconfig */ = {isa = PBXFileReference; includeInIndex = 1; lastKnownFileType = text.xcconfig; name = "Pods-Pryanik_Test.release.xcconfig"; path = "Target Support Files/Pods-Pryanik_Test/Pods-Pryanik_Test.release.xcconfig"; sourceTree = "<group>"; };
		D2A44CC3284011880016DF9D /* Pryanik_Test.app */ = {isa = PBXFileReference; explicitFileType = wrapper.application; includeInIndex = 0; path = Pryanik_Test.app; sourceTree = BUILT_PRODUCTS_DIR; };
		D2A44CC6284011880016DF9D /* AppDelegate.swift */ = {isa = PBXFileReference; lastKnownFileType = sourcecode.swift; path = AppDelegate.swift; sourceTree = "<group>"; };
		D2A44CC8284011880016DF9D /* SceneDelegate.swift */ = {isa = PBXFileReference; lastKnownFileType = sourcecode.swift; path = SceneDelegate.swift; sourceTree = "<group>"; };
		D2A44CCA284011880016DF9D /* MainViewController.swift */ = {isa = PBXFileReference; lastKnownFileType = sourcecode.swift; path = MainViewController.swift; sourceTree = "<group>"; };
		D2A44CCD284011880016DF9D /* Base */ = {isa = PBXFileReference; lastKnownFileType = file.storyboard; name = Base; path = Base.lproj/Main.storyboard; sourceTree = "<group>"; };
		D2A44CCF2840118A0016DF9D /* Assets.xcassets */ = {isa = PBXFileReference; lastKnownFileType = folder.assetcatalog; path = Assets.xcassets; sourceTree = "<group>"; };
		D2A44CD22840118A0016DF9D /* Base */ = {isa = PBXFileReference; lastKnownFileType = file.storyboard; name = Base; path = Base.lproj/LaunchScreen.storyboard; sourceTree = "<group>"; };
		D2A44CD42840118A0016DF9D /* Info.plist */ = {isa = PBXFileReference; lastKnownFileType = text.plist.xml; path = Info.plist; sourceTree = "<group>"; };
		D2A44CDB2840A8960016DF9D /* NetworkService.swift */ = {isa = PBXFileReference; lastKnownFileType = sourcecode.swift; path = NetworkService.swift; sourceTree = "<group>"; };
		D2A44CDE2840AABB0016DF9D /* JSONModel.swift */ = {isa = PBXFileReference; lastKnownFileType = sourcecode.swift; path = JSONModel.swift; sourceTree = "<group>"; };
		D2A44CE42840AC7B0016DF9D /* MainCell.swift */ = {isa = PBXFileReference; lastKnownFileType = sourcecode.swift; path = MainCell.swift; sourceTree = "<group>"; };
		D2A44CE72840ACEF0016DF9D /* MainViewModel.swift */ = {isa = PBXFileReference; lastKnownFileType = sourcecode.swift; path = MainViewModel.swift; sourceTree = "<group>"; };
		D2A44CE92840AD250016DF9D /* MainCellViewModel.swift */ = {isa = PBXFileReference; lastKnownFileType = sourcecode.swift; path = MainCellViewModel.swift; sourceTree = "<group>"; };
/* End PBXFileReference section */

/* Begin PBXFrameworksBuildPhase section */
		D2A44CC0284011880016DF9D /* Frameworks */ = {
			isa = PBXFrameworksBuildPhase;
			buildActionMask = 2147483647;
			files = (
				D9B0CECAEE42726E0692713F /* Pods_Pryanik_Test.framework in Frameworks */,
			);
			runOnlyForDeploymentPostprocessing = 0;
		};
/* End PBXFrameworksBuildPhase section */

/* Begin PBXGroup section */
		2692F3CE294228B8A6E10868 /* Frameworks */ = {
			isa = PBXGroup;
			children = (
				173D1A1CE55D6A52A508DDEF /* Pods_Pryanik_Test.framework */,
			);
			name = Frameworks;
			sourceTree = "<group>";
		};
		C94D6D6FDE6A4EFBFE0AE6BD /* Pods */ = {
			isa = PBXGroup;
			children = (
				A3839DD665008E7AA4EC9AE5 /* Pods-Pryanik_Test.debug.xcconfig */,
				C23D0204DDF6C62AFCFEDDE9 /* Pods-Pryanik_Test.release.xcconfig */,
			);
			path = Pods;
			sourceTree = "<group>";
		};
		D2A44CBA284011880016DF9D = {
			isa = PBXGroup;
			children = (
				D2A44CC5284011880016DF9D /* Pryanik_Test */,
				D2A44CC4284011880016DF9D /* Products */,
				C94D6D6FDE6A4EFBFE0AE6BD /* Pods */,
				2692F3CE294228B8A6E10868 /* Frameworks */,
			);
			sourceTree = "<group>";
		};
		D2A44CC4284011880016DF9D /* Products */ = {
			isa = PBXGroup;
			children = (
				D2A44CC3284011880016DF9D /* Pryanik_Test.app */,
			);
			name = Products;
			sourceTree = "<group>";
		};
		D2A44CC5284011880016DF9D /* Pryanik_Test */ = {
			isa = PBXGroup;
			children = (
				D2A44CE02840AB190016DF9D /* App */,
				D2A44CDA2840A8890016DF9D /* Service */,
				D2A44CDD2840AAA30016DF9D /* Model */,
				D2A44CE12840AB580016DF9D /* Main */,
				D2A44CCC284011880016DF9D /* Main.storyboard */,
				D2A44CD42840118A0016DF9D /* Info.plist */,
			);
			path = Pryanik_Test;
			sourceTree = "<group>";
		};
		D2A44CDA2840A8890016DF9D /* Service */ = {
			isa = PBXGroup;
			children = (
				D2A44CDB2840A8960016DF9D /* NetworkService.swift */,
			);
			path = Service;
			sourceTree = "<group>";
		};
		D2A44CDD2840AAA30016DF9D /* Model */ = {
			isa = PBXGroup;
			children = (
				D2A44CDE2840AABB0016DF9D /* JSONModel.swift */,
			);
			path = Model;
			sourceTree = "<group>";
		};
		D2A44CE02840AB190016DF9D /* App */ = {
			isa = PBXGroup;
			children = (
				D2A44CC6284011880016DF9D /* AppDelegate.swift */,
				D2A44CC8284011880016DF9D /* SceneDelegate.swift */,
				D2A44CD12840118A0016DF9D /* LaunchScreen.storyboard */,
				D2A44CCF2840118A0016DF9D /* Assets.xcassets */,
			);
			path = App;
			sourceTree = "<group>";
		};
		D2A44CE12840AB580016DF9D /* Main */ = {
			isa = PBXGroup;
			children = (
				D2A44CE62840ACC20016DF9D /* ViewModel */,
				D2A44CE22840AB900016DF9D /* View */,
			);
			path = Main;
			sourceTree = "<group>";
		};
		D2A44CE22840AB900016DF9D /* View */ = {
			isa = PBXGroup;
			children = (
				D2A44CCA284011880016DF9D /* MainViewController.swift */,
				D2A44CE42840AC7B0016DF9D /* MainCell.swift */,
			);
			path = View;
			sourceTree = "<group>";
		};
		D2A44CE62840ACC20016DF9D /* ViewModel */ = {
			isa = PBXGroup;
			children = (
				D2A44CE72840ACEF0016DF9D /* MainViewModel.swift */,
				D2A44CE92840AD250016DF9D /* MainCellViewModel.swift */,
			);
			path = ViewModel;
			sourceTree = "<group>";
		};
/* End PBXGroup section */

/* Begin PBXNativeTarget section */
		D2A44CC2284011880016DF9D /* Pryanik_Test */ = {
			isa = PBXNativeTarget;
			buildConfigurationList = D2A44CD72840118A0016DF9D /* Build configuration list for PBXNativeTarget "Pryanik_Test" */;
			buildPhases = (
				450A2A38C512AFFEEBABED43 /* [CP] Check Pods Manifest.lock */,
				D2A44CBF284011880016DF9D /* Sources */,
				D2A44CC0284011880016DF9D /* Frameworks */,
				D2A44CC1284011880016DF9D /* Resources */,
				8A85D89E30788FCF21C6ECF8 /* [CP] Embed Pods Frameworks */,
			);
			buildRules = (
			);
			dependencies = (
			);
			name = Pryanik_Test;
			productName = Pryanik_Test;
			productReference = D2A44CC3284011880016DF9D /* Pryanik_Test.app */;
			productType = "com.apple.product-type.application";
		};
/* End PBXNativeTarget section */

/* Begin PBXProject section */
		D2A44CBB284011880016DF9D /* Project object */ = {
			isa = PBXProject;
			attributes = {
				BuildIndependentTargetsInParallel = 1;
				LastSwiftUpdateCheck = 1340;
				LastUpgradeCheck = 1340;
				TargetAttributes = {
					D2A44CC2284011880016DF9D = {
						CreatedOnToolsVersion = 13.4;
					};
				};
			};
			buildConfigurationList = D2A44CBE284011880016DF9D /* Build configuration list for PBXProject "Pryanik_Test" */;
			compatibilityVersion = "Xcode 13.0";
			developmentRegion = en;
			hasScannedForEncodings = 0;
			knownRegions = (
				en,
				Base,
			);
			mainGroup = D2A44CBA284011880016DF9D;
			productRefGroup = D2A44CC4284011880016DF9D /* Products */;
			projectDirPath = "";
			projectRoot = "";
			targets = (
				D2A44CC2284011880016DF9D /* Pryanik_Test */,
			);
		};
/* End PBXProject section */

/* Begin PBXResourcesBuildPhase section */
		D2A44CC1284011880016DF9D /* Resources */ = {
			isa = PBXResourcesBuildPhase;
			buildActionMask = 2147483647;
			files = (
				D2A44CD32840118A0016DF9D /* LaunchScreen.storyboard in Resources */,
				D2A44CD02840118A0016DF9D /* Assets.xcassets in Resources */,
				D2A44CCE284011880016DF9D /* Main.storyboard in Resources */,
			);
			runOnlyForDeploymentPostprocessing = 0;
		};
/* End PBXResourcesBuildPhase section */

/* Begin PBXShellScriptBuildPhase section */
		450A2A38C512AFFEEBABED43 /* [CP] Check Pods Manifest.lock */ = {
			isa = PBXShellScriptBuildPhase;
			buildActionMask = 2147483647;
			files = (
			);
			inputFileListPaths = (
			);
			inputPaths = (
				"${PODS_PODFILE_DIR_PATH}/Podfile.lock",
				"${PODS_ROOT}/Manifest.lock",
			);
			name = "[CP] Check Pods Manifest.lock";
			outputFileListPaths = (
			);
			outputPaths = (
				"$(DERIVED_FILE_DIR)/Pods-Pryanik_Test-checkManifestLockResult.txt",
			);
			runOnlyForDeploymentPostprocessing = 0;
			shellPath = /bin/sh;
			shellScript = "diff \"${PODS_PODFILE_DIR_PATH}/Podfile.lock\" \"${PODS_ROOT}/Manifest.lock\" > /dev/null\nif [ $? != 0 ] ; then\n    # print error to STDERR\n    echo \"error: The sandbox is not in sync with the Podfile.lock. Run 'pod install' or update your CocoaPods installation.\" >&2\n    exit 1\nfi\n# This output is used by Xcode 'outputs' to avoid re-running this script phase.\necho \"SUCCESS\" > \"${SCRIPT_OUTPUT_FILE_0}\"\n";
			showEnvVarsInLog = 0;
		};
		8A85D89E30788FCF21C6ECF8 /* [CP] Embed Pods Frameworks */ = {
			isa = PBXShellScriptBuildPhase;
			buildActionMask = 2147483647;
			files = (
			);
			inputFileListPaths = (
				"${PODS_ROOT}/Target Support Files/Pods-Pryanik_Test/Pods-Pryanik_Test-frameworks-${CONFIGURATION}-input-files.xcfilelist",
			);
			name = "[CP] Embed Pods Frameworks";
			outputFileListPaths = (
				"${PODS_ROOT}/Target Support Files/Pods-Pryanik_Test/Pods-Pryanik_Test-frameworks-${CONFIGURATION}-output-files.xcfilelist",
			);
			runOnlyForDeploymentPostprocessing = 0;
			shellPath = /bin/sh;
			shellScript = "\"${PODS_ROOT}/Target Support Files/Pods-Pryanik_Test/Pods-Pryanik_Test-frameworks.sh\"\n";
			showEnvVarsInLog = 0;
		};
/* End PBXShellScriptBuildPhase section */

/* Begin PBXSourcesBuildPhase section */
		D2A44CBF284011880016DF9D /* Sources */ = {
			isa = PBXSourcesBuildPhase;
			buildActionMask = 2147483647;
			files = (
				D2A44CE82840ACEF0016DF9D /* MainViewModel.swift in Sources */,
				D2A44CDF2840AABB0016DF9D /* JSONModel.swift in Sources */,
				D2A44CCB284011880016DF9D /* MainViewController.swift in Sources */,
				D2A44CEA2840AD250016DF9D /* MainCellViewModel.swift in Sources */,
				D2A44CE52840AC7B0016DF9D /* MainCell.swift in Sources */,
				D2A44CC7284011880016DF9D /* AppDelegate.swift in Sources */,
				D2A44CDC2840A8960016DF9D /* NetworkService.swift in Sources */,
				D2A44CC9284011880016DF9D /* SceneDelegate.swift in Sources */,
			);
			runOnlyForDeploymentPostprocessing = 0;
		};
/* End PBXSourcesBuildPhase section */

/* Begin PBXVariantGroup section */
		D2A44CCC284011880016DF9D /* Main.storyboard */ = {
			isa = PBXVariantGroup;
			children = (
				D2A44CCD284011880016DF9D /* Base */,
			);
			name = Main.storyboard;
			sourceTree = "<group>";
		};
		D2A44CD12840118A0016DF9D /* LaunchScreen.storyboard */ = {
			isa = PBXVariantGroup;
			children = (
				D2A44CD22840118A0016DF9D /* Base */,
			);
			name = LaunchScreen.storyboard;
			sourceTree = "<group>";
		};
/* End PBXVariantGroup section */

/* Begin XCBuildConfiguration section */
		D2A44CD52840118A0016DF9D /* Debug */ = {
			isa = XCBuildConfiguration;
			buildSettings = {
				ALWAYS_SEARCH_USER_PATHS = NO;
				CLANG_ANALYZER_NONNULL = YES;
				CLANG_ANALYZER_NUMBER_OBJECT_CONVERSION = YES_AGGRESSIVE;
				CLANG_CXX_LANGUAGE_STANDARD = "gnu++17";
				CLANG_ENABLE_MODULES = YES;
				CLANG_ENABLE_OBJC_ARC = YES;
				CLANG_ENABLE_OBJC_WEAK = YES;
				CLANG_WARN_BLOCK_CAPTURE_AUTORELEASING = YES;
				CLANG_WARN_BOOL_CONVERSION = YES;
				CLANG_WARN_COMMA = YES;
				CLANG_WARN_CONSTANT_CONVERSION = YES;
				CLANG_WARN_DEPRECATED_OBJC_IMPLEMENTATIONS = YES;
				CLANG_WARN_DIRECT_OBJC_ISA_USAGE = YES_ERROR;
				CLANG_WARN_DOCUMENTATION_COMMENTS = YES;
				CLANG_WARN_EMPTY_BODY = YES;
				CLANG_WARN_ENUM_CONVERSION = YES;
				CLANG_WARN_INFINITE_RECURSION = YES;
				CLANG_WARN_INT_CONVERSION = YES;
				CLANG_WARN_NON_LITERAL_NULL_CONVERSION = YES;
				CLANG_WARN_OBJC_IMPLICIT_RETAIN_SELF = YES;
				CLANG_WARN_OBJC_LITERAL_CONVERSION = YES;
				CLANG_WARN_OBJC_ROOT_CLASS = YES_ERROR;
				CLANG_WARN_QUOTED_INCLUDE_IN_FRAMEWORK_HEADER = YES;
				CLANG_WARN_RANGE_LOOP_ANALYSIS = YES;
				CLANG_WARN_STRICT_PROTOTYPES = YES;
				CLANG_WARN_SUSPICIOUS_MOVE = YES;
				CLANG_WARN_UNGUARDED_AVAILABILITY = YES_AGGRESSIVE;
				CLANG_WARN_UNREACHABLE_CODE = YES;
				CLANG_WARN__DUPLICATE_METHOD_MATCH = YES;
				COPY_PHASE_STRIP = NO;
				DEBUG_INFORMATION_FORMAT = dwarf;
				ENABLE_STRICT_OBJC_MSGSEND = YES;
				ENABLE_TESTABILITY = YES;
				GCC_C_LANGUAGE_STANDARD = gnu11;
				GCC_DYNAMIC_NO_PIC = NO;
				GCC_NO_COMMON_BLOCKS = YES;
				GCC_OPTIMIZATION_LEVEL = 0;
				GCC_PREPROCESSOR_DEFINITIONS = (
					"DEBUG=1",
					"$(inherited)",
				);
				GCC_WARN_64_TO_32_BIT_CONVERSION = YES;
				GCC_WARN_ABOUT_RETURN_TYPE = YES_ERROR;
				GCC_WARN_UNDECLARED_SELECTOR = YES;
				GCC_WARN_UNINITIALIZED_AUTOS = YES_AGGRESSIVE;
				GCC_WARN_UNUSED_FUNCTION = YES;
				GCC_WARN_UNUSED_VARIABLE = YES;
				IPHONEOS_DEPLOYMENT_TARGET = 15.5;
				MTL_ENABLE_DEBUG_INFO = INCLUDE_SOURCE;
				MTL_FAST_MATH = YES;
				ONLY_ACTIVE_ARCH = YES;
				SDKROOT = iphoneos;
				SWIFT_ACTIVE_COMPILATION_CONDITIONS = DEBUG;
				SWIFT_OPTIMIZATION_LEVEL = "-Onone";
			};
			name = Debug;
		};
		D2A44CD62840118A0016DF9D /* Release */ = {
			isa = XCBuildConfiguration;
			buildSettings = {
				ALWAYS_SEARCH_USER_PATHS = NO;
				CLANG_ANALYZER_NONNULL = YES;
				CLANG_ANALYZER_NUMBER_OBJECT_CONVERSION = YES_AGGRESSIVE;
				CLANG_CXX_LANGUAGE_STANDARD = "gnu++17";
				CLANG_ENABLE_MODULES = YES;
				CLANG_ENABLE_OBJC_ARC = YES;
				CLANG_ENABLE_OBJC_WEAK = YES;
				CLANG_WARN_BLOCK_CAPTURE_AUTORELEASING = YES;
				CLANG_WARN_BOOL_CONVERSION = YES;
				CLANG_WARN_COMMA = YES;
				CLANG_WARN_CONSTANT_CONVERSION = YES;
				CLANG_WARN_DEPRECATED_OBJC_IMPLEMENTATIONS = YES;
				CLANG_WARN_DIRECT_OBJC_ISA_USAGE = YES_ERROR;
				CLANG_WARN_DOCUMENTATION_COMMENTS = YES;
				CLANG_WARN_EMPTY_BODY = YES;
				CLANG_WARN_ENUM_CONVERSION = YES;
				CLANG_WARN_INFINITE_RECURSION = YES;
				CLANG_WARN_INT_CONVERSION = YES;
				CLANG_WARN_NON_LITERAL_NULL_CONVERSION = YES;
				CLANG_WARN_OBJC_IMPLICIT_RETAIN_SELF = YES;
				CLANG_WARN_OBJC_LITERAL_CONVERSION = YES;
				CLANG_WARN_OBJC_ROOT_CLASS = YES_ERROR;
				CLANG_WARN_QUOTED_INCLUDE_IN_FRAMEWORK_HEADER = YES;
				CLANG_WARN_RANGE_LOOP_ANALYSIS = YES;
				CLANG_WARN_STRICT_PROTOTYPES = YES;
				CLANG_WARN_SUSPICIOUS_MOVE = YES;
				CLANG_WARN_UNGUARDED_AVAILABILITY = YES_AGGRESSIVE;
				CLANG_WARN_UNREACHABLE_CODE = YES;
				CLANG_WARN__DUPLICATE_METHOD_MATCH = YES;
				COPY_PHASE_STRIP = NO;
				DEBUG_INFORMATION_FORMAT = "dwarf-with-dsym";
				ENABLE_NS_ASSERTIONS = NO;
				ENABLE_STRICT_OBJC_MSGSEND = YES;
				GCC_C_LANGUAGE_STANDARD = gnu11;
				GCC_NO_COMMON_BLOCKS = YES;
				GCC_WARN_64_TO_32_BIT_CONVERSION = YES;
				GCC_WARN_ABOUT_RETURN_TYPE = YES_ERROR;
				GCC_WARN_UNDECLARED_SELECTOR = YES;
				GCC_WARN_UNINITIALIZED_AUTOS = YES_AGGRESSIVE;
				GCC_WARN_UNUSED_FUNCTION = YES;
				GCC_WARN_UNUSED_VARIABLE = YES;
				IPHONEOS_DEPLOYMENT_TARGET = 15.5;
				MTL_ENABLE_DEBUG_INFO = NO;
				MTL_FAST_MATH = YES;
				SDKROOT = iphoneos;
				SWIFT_COMPILATION_MODE = wholemodule;
				SWIFT_OPTIMIZATION_LEVEL = "-O";
				VALIDATE_PRODUCT = YES;
			};
			name = Release;
		};
		D2A44CD82840118A0016DF9D /* Debug */ = {
			isa = XCBuildConfiguration;
			baseConfigurationReference = A3839DD665008E7AA4EC9AE5 /* Pods-Pryanik_Test.debug.xcconfig */;
			buildSettings = {
				ASSETCATALOG_COMPILER_APPICON_NAME = AppIcon;
				ASSETCATALOG_COMPILER_GLOBAL_ACCENT_COLOR_NAME = AccentColor;
				CODE_SIGN_STYLE = Automatic;
				CURRENT_PROJECT_VERSION = 1;
				DEVELOPMENT_TEAM = UJ8B9FFXUA;
				GENERATE_INFOPLIST_FILE = YES;
				INFOPLIST_FILE = Pryanik_Test/Info.plist;
				INFOPLIST_KEY_UIApplicationSupportsIndirectInputEvents = YES;
				INFOPLIST_KEY_UILaunchStoryboardName = LaunchScreen;
				INFOPLIST_KEY_UIMainStoryboardFile = Main;
				INFOPLIST_KEY_UISupportedInterfaceOrientations_iPad = "UIInterfaceOrientationPortrait UIInterfaceOrientationPortraitUpsideDown UIInterfaceOrientationLandscapeLeft UIInterfaceOrientationLandscapeRight";
				INFOPLIST_KEY_UISupportedInterfaceOrientations_iPhone = "UIInterfaceOrientationPortrait UIInterfaceOrientationLandscapeLeft UIInterfaceOrientationLandscapeRight";
				LD_RUNPATH_SEARCH_PATHS = (
					"$(inherited)",
					"@executable_path/Frameworks",
				);
				MARKETING_VERSION = 1.0;
				PRODUCT_BUNDLE_IDENTIFIER = "kiko.Pryanik-Test";
				PRODUCT_NAME = "$(TARGET_NAME)";
				SWIFT_EMIT_LOC_STRINGS = YES;
				SWIFT_VERSION = 5.0;
				TARGETED_DEVICE_FAMILY = "1,2";
			};
			name = Debug;
		};
		D2A44CD92840118A0016DF9D /* Release */ = {
			isa = XCBuildConfiguration;
			baseConfigurationReference = C23D0204DDF6C62AFCFEDDE9 /* Pods-Pryanik_Test.release.xcconfig */;
			buildSettings = {
				ASSETCATALOG_COMPILER_APPICON_NAME = AppIcon;
				ASSETCATALOG_COMPILER_GLOBAL_ACCENT_COLOR_NAME = AccentColor;
				CODE_SIGN_STYLE = Automatic;
				CURRENT_PROJECT_VERSION = 1;
				DEVELOPMENT_TEAM = UJ8B9FFXUA;
				GENERATE_INFOPLIST_FILE = YES;
				INFOPLIST_FILE = Pryanik_Test/Info.plist;
				INFOPLIST_KEY_UIApplicationSupportsIndirectInputEvents = YES;
				INFOPLIST_KEY_UILaunchStoryboardName = LaunchScreen;
				INFOPLIST_KEY_UIMainStoryboardFile = Main;
				INFOPLIST_KEY_UISupportedInterfaceOrientations_iPad = "UIInterfaceOrientationPortrait UIInterfaceOrientationPortraitUpsideDown UIInterfaceOrientationLandscapeLeft UIInterfaceOrientationLandscapeRight";
				INFOPLIST_KEY_UISupportedInterfaceOrientations_iPhone = "UIInterfaceOrientationPortrait UIInterfaceOrientationLandscapeLeft UIInterfaceOrientationLandscapeRight";
				LD_RUNPATH_SEARCH_PATHS = (
					"$(inherited)",
					"@executable_path/Frameworks",
				);
				MARKETING_VERSION = 1.0;
				PRODUCT_BUNDLE_IDENTIFIER = "kiko.Pryanik-Test";
				PRODUCT_NAME = "$(TARGET_NAME)";
				SWIFT_EMIT_LOC_STRINGS = YES;
				SWIFT_VERSION = 5.0;
				TARGETED_DEVICE_FAMILY = "1,2";
			};
			name = Release;
		};
/* End XCBuildConfiguration section */

/* Begin XCConfigurationList section */
		D2A44CBE284011880016DF9D /* Build configuration list for PBXProject "Pryanik_Test" */ = {
			isa = XCConfigurationList;
			buildConfigurations = (
				D2A44CD52840118A0016DF9D /* Debug */,
				D2A44CD62840118A0016DF9D /* Release */,
			);
			defaultConfigurationIsVisible = 0;
			defaultConfigurationName = Release;
		};
		D2A44CD72840118A0016DF9D /* Build configuration list for PBXNativeTarget "Pryanik_Test" */ = {
			isa = XCConfigurationList;
			buildConfigurations = (
				D2A44CD82840118A0016DF9D /* Debug */,
				D2A44CD92840118A0016DF9D /* Release */,
			);
			defaultConfigurationIsVisible = 0;
			defaultConfigurationName = Release;
		};
/* End XCConfigurationList section */
	};
	rootObject = D2A44CBB284011880016DF9D /* Project object */;
}
